
Microsoft Visual Studio Solution File, Format Version 12.00
# Visual Studio 14
VisualStudioVersion = 14.0.25420.1
MinimumVisualStudioVersion = 10.0.40219.1
Project("{FAE04EC0-301F-11D3-BF4B-00C04F79EFBC}") = "Lab_6", "Lab_6\Lab_6.csproj", "{95FBA47B-B152-46B2-A758-FFC5F3AFAF7D}"
EndProject
Project("{FAE04EC0-301F-11D3-BF4B-00C04F79EFBC}") = "ProjectDB", "ProjectDB\ProjectDB.csproj", "{BB029D6B-1B49-4981-8778-07CABA5519FB}"
EndProject
Global
	GlobalSection(SolutionConfigurationPlatforms) = preSolution
		Debug|Any CPU = Debug|Any CPU
		Release|Any CPU = Release|Any CPU
	EndGlobalSection
	GlobalSection(ProjectConfigurationPlatforms) = postSolution
		{95FBA47B-B152-46B2-A758-FFC5F3AFAF7D}.Debug|Any CPU.ActiveCfg = Debug|Any CPU
		{95FBA47B-B152-46B2-A758-FFC5F3AFAF7D}.Debug|Any CPU.Build.0 = Debug|Any CPU
		{95FBA47B-B152-46B2-A758-FFC5F3AFAF7D}.Release|Any CPU.ActiveCfg = Release|Any CPU
		{95FBA47B-B152-46B2-A758-FFC5F3AFAF7D}.Release|Any CPU.Build.0 = Release|Any CPU
		{BB029D6B-1B49-4981-8778-07CABA5519FB}.Debug|Any CPU.ActiveCfg = Debug|Any CPU
		{BB029D6B-1B49-4981-8778-07CABA5519FB}.Debug|Any CPU.Build.0 = Debug|Any CPU
		{BB029D6B-1B49-4981-8778-07CABA5519FB}.Release|Any CPU.ActiveCfg = Release|Any CPU
		{BB029D6B-1B49-4981-8778-07CABA5519FB}.Release|Any CPU.Build.0 = Release|Any CPU
	EndGlobalSection
	GlobalSection(SolutionProperties) = preSolution
		HideSolutionNode = FALSE
	EndGlobalSection
EndGlobal
